
Microsoft Visual Studio Solution File, Format Version 12.00
# Visual Studio 2013
VisualStudioVersion = 12.0.40629.0
MinimumVisualStudioVersion = 10.0.40219.1
Project("{2150E333-8FDC-42A3-9474-1A3956D46DE8}") = "0 - Apresentacao", "0 - Apresentacao", "{383B5083-E4E0-449B-9596-8CF2F04B379C}"
EndProject
Project("{2150E333-8FDC-42A3-9474-1A3956D46DE8}") = "1 - Servicos", "1 - Servicos", "{809E0732-E1E7-48E0-AC01-0219C875E573}"
EndProject
Project("{2150E333-8FDC-42A3-9474-1A3956D46DE8}") = "2 - Aplicacao", "2 - Aplicacao", "{B7D43E82-D0A0-4F53-933D-85464854991E}"
EndProject
Project("{2150E333-8FDC-42A3-9474-1A3956D46DE8}") = "3 - Dominio", "3 - Dominio", "{7E1FD3EB-F512-464E-A7F1-FE78AAE2539F}"
EndProject
Project("{2150E333-8FDC-42A3-9474-1A3956D46DE8}") = "4 - Infra", "4 - Infra", "{E82F9583-3B2E-41FB-B038-9A60DC99DEE4}"
EndProject
Project("{2150E333-8FDC-42A3-9474-1A3956D46DE8}") = "4.1 - CrossCuting", "4.1 - CrossCuting", "{99EE6C68-AC14-4055-A541-59F4D8D0C3A6}"
EndProject
Project("{2150E333-8FDC-42A3-9474-1A3956D46DE8}") = "4.2 - Dados", "4.2 - Dados", "{3120E732-7CB6-423C-88DD-4B08A89ACDFA}"
EndProject
Project("{FAE04EC0-301F-11D3-BF4B-00C04F79EFBC}") = "projetoSMN_ModeloDDD.MVC", "projetoSMN_ModeloDDD.MVC\projetoSMN_ModeloDDD.MVC.csproj", "{6F15E593-1B04-479B-B64C-167D083A8616}"
EndProject
Project("{FAE04EC0-301F-11D3-BF4B-00C04F79EFBC}") = "projetoSMN_ModeloDDD.Dominio", "projetoSMN_ModeloDDD.Dominio\projetoSMN_ModeloDDD.Dominio.csproj", "{81155176-6A38-4DE0-A89F-B972C9420BD2}"
EndProject
Project("{FAE04EC0-301F-11D3-BF4B-00C04F79EFBC}") = "projetoSMN_ModeloDDD.Infra.Dados", "projetoSMN_ModeloDDD.Infra.Dados\projetoSMN_ModeloDDD.Infra.Dados.csproj", "{4D9EEA28-163E-4465-9D30-4CE0C604A555}"
EndProject
Project("{FAE04EC0-301F-11D3-BF4B-00C04F79EFBC}") = "projetoSMN_ModeloDDD.Aplicacao", "projetoSMN_ModeloDDD.Aplicacao\projetoSMN_ModeloDDD.Aplicacao.csproj", "{98E3EB6C-CED7-4033-925F-13BF91DA88F4}"
EndProject
Project("{2150E333-8FDC-42A3-9474-1A3956D46DE8}") = "5 - Api", "5 - Api", "{32B749F2-E373-48CE-A7BB-B5904F2C9A3E}"
EndProject
Project("{FAE04EC0-301F-11D3-BF4B-00C04F79EFBC}") = "projetoSMN_ModeloDDD.Api", "projetoSMN_ModeloDDD.Api\projetoSMN_ModeloDDD.Api.csproj", "{91E106B7-9B9A-497A-96F9-E347AAB0CF90}"
EndProject
Global
	GlobalSection(SolutionConfigurationPlatforms) = preSolution
		Debug|Any CPU = Debug|Any CPU
		Release|Any CPU = Release|Any CPU
	EndGlobalSection
	GlobalSection(ProjectConfigurationPlatforms) = postSolution
		{6F15E593-1B04-479B-B64C-167D083A8616}.Debug|Any CPU.ActiveCfg = Debug|Any CPU
		{6F15E593-1B04-479B-B64C-167D083A8616}.Debug|Any CPU.Build.0 = Debug|Any CPU
		{6F15E593-1B04-479B-B64C-167D083A8616}.Release|Any CPU.ActiveCfg = Release|Any CPU
		{6F15E593-1B04-479B-B64C-167D083A8616}.Release|Any CPU.Build.0 = Release|Any CPU
		{81155176-6A38-4DE0-A89F-B972C9420BD2}.Debug|Any CPU.ActiveCfg = Debug|Any CPU
		{81155176-6A38-4DE0-A89F-B972C9420BD2}.Debug|Any CPU.Build.0 = Debug|Any CPU
		{81155176-6A38-4DE0-A89F-B972C9420BD2}.Release|Any CPU.ActiveCfg = Release|Any CPU
		{81155176-6A38-4DE0-A89F-B972C9420BD2}.Release|Any CPU.Build.0 = Release|Any CPU
		{4D9EEA28-163E-4465-9D30-4CE0C604A555}.Debug|Any CPU.ActiveCfg = Debug|Any CPU
		{4D9EEA28-163E-4465-9D30-4CE0C604A555}.Debug|Any CPU.Build.0 = Debug|Any CPU
		{4D9EEA28-163E-4465-9D30-4CE0C604A555}.Release|Any CPU.ActiveCfg = Release|Any CPU
		{4D9EEA28-163E-4465-9D30-4CE0C604A555}.Release|Any CPU.Build.0 = Release|Any CPU
		{98E3EB6C-CED7-4033-925F-13BF91DA88F4}.Debug|Any CPU.ActiveCfg = Debug|Any CPU
		{98E3EB6C-CED7-4033-925F-13BF91DA88F4}.Debug|Any CPU.Build.0 = Debug|Any CPU
		{98E3EB6C-CED7-4033-925F-13BF91DA88F4}.Release|Any CPU.ActiveCfg = Release|Any CPU
		{98E3EB6C-CED7-4033-925F-13BF91DA88F4}.Release|Any CPU.Build.0 = Release|Any CPU
		{91E106B7-9B9A-497A-96F9-E347AAB0CF90}.Debug|Any CPU.ActiveCfg = Debug|Any CPU
		{91E106B7-9B9A-497A-96F9-E347AAB0CF90}.Debug|Any CPU.Build.0 = Debug|Any CPU
		{91E106B7-9B9A-497A-96F9-E347AAB0CF90}.Release|Any CPU.ActiveCfg = Release|Any CPU
		{91E106B7-9B9A-497A-96F9-E347AAB0CF90}.Release|Any CPU.Build.0 = Release|Any CPU
	EndGlobalSection
	GlobalSection(SolutionProperties) = preSolution
		HideSolutionNode = FALSE
	EndGlobalSection
	GlobalSection(NestedProjects) = preSolution
		{383B5083-E4E0-449B-9596-8CF2F04B379C} = {809E0732-E1E7-48E0-AC01-0219C875E573}
		{99EE6C68-AC14-4055-A541-59F4D8D0C3A6} = {E82F9583-3B2E-41FB-B038-9A60DC99DEE4}
		{3120E732-7CB6-423C-88DD-4B08A89ACDFA} = {E82F9583-3B2E-41FB-B038-9A60DC99DEE4}
		{6F15E593-1B04-479B-B64C-167D083A8616} = {383B5083-E4E0-449B-9596-8CF2F04B379C}
		{81155176-6A38-4DE0-A89F-B972C9420BD2} = {7E1FD3EB-F512-464E-A7F1-FE78AAE2539F}
		{4D9EEA28-163E-4465-9D30-4CE0C604A555} = {3120E732-7CB6-423C-88DD-4B08A89ACDFA}
		{98E3EB6C-CED7-4033-925F-13BF91DA88F4} = {B7D43E82-D0A0-4F53-933D-85464854991E}
		{91E106B7-9B9A-497A-96F9-E347AAB0CF90} = {32B749F2-E373-48CE-A7BB-B5904F2C9A3E}
	EndGlobalSection
EndGlobal
