
Microsoft Visual Studio Solution File, Format Version 12.00
# Visual Studio Version 16
VisualStudioVersion = 16.0.30907.101
MinimumVisualStudioVersion = 10.0.40219.1
Project("{2150E333-8FDC-42A3-9474-1A3956D46DE8}") = "1 - Servicos", "1 - Servicos", "{AEC25730-65E7-47EA-84A2-6B21D4EC156C}"
EndProject
Project("{2150E333-8FDC-42A3-9474-1A3956D46DE8}") = "2 - Aplicacao", "2 - Aplicacao", "{72F17F22-BEDC-4E2A-81CA-5EE70835D690}"
EndProject
Project("{2150E333-8FDC-42A3-9474-1A3956D46DE8}") = "3 - Dominio", "3 - Dominio", "{90A260DD-7205-4C27-99B2-72349BFA5611}"
EndProject
Project("{2150E333-8FDC-42A3-9474-1A3956D46DE8}") = "4 - Infraesturura", "4 - Infraesturura", "{B18E5BAC-8153-4EFB-AE27-B8104C481D77}"
EndProject
Project("{FAE04EC0-301F-11D3-BF4B-00C04F79EFBC}") = "RestApiModeloDDD.API", "RestApiModeloDDD.API\RestApiModeloDDD.API.csproj", "{C875CD59-8828-49ED-8F0A-CE4C9B1B153F}"
EndProject
Project("{FAE04EC0-301F-11D3-BF4B-00C04F79EFBC}") = "RestApiModeloDDD.Aplicacao", "RestApiModeloDDD.Aplicacao\RestApiModeloDDD.Aplicacao.csproj", "{5C96E10F-4A8D-4072-AEFB-A8E258A98397}"
EndProject
Project("{FAE04EC0-301F-11D3-BF4B-00C04F79EFBC}") = "RestApiModeloDDD.Dominio", "RestApiModeloDDD.Dominio\RestApiModeloDDD.Dominio.csproj", "{8A2469A3-B543-4FC4-BA4B-44A5FCBCA610}"
EndProject
Project("{FAE04EC0-301F-11D3-BF4B-00C04F79EFBC}") = "RestApiModeloDDD.Dominio.Core", "RestApiModeloDDD.Dominio.Core\RestApiModeloDDD.Dominio.Core.csproj", "{7CB477A3-EAE8-4ABB-8675-29D3CFF80099}"
EndProject
Project("{FAE04EC0-301F-11D3-BF4B-00C04F79EFBC}") = "RestApiModeloDDD.Dominio.Servicos", "RestApiModeloDDD.Dominio.Servicos\RestApiModeloDDD.Dominio.Servicos.csproj", "{5989F1D7-DF20-4563-AC37-C31BEC101B38}"
EndProject
Project("{FAE04EC0-301F-11D3-BF4B-00C04F79EFBC}") = "RestApiModeloDDD.Infraestrutura", "RestApiModeloDDD.Infraestrutura\RestApiModeloDDD.Infraestrutura.csproj", "{38B19C68-AE37-4E13-8239-CBB861C23AF8}"
	ProjectSection(ProjectDependencies) = postProject
		{8A2469A3-B543-4FC4-BA4B-44A5FCBCA610} = {8A2469A3-B543-4FC4-BA4B-44A5FCBCA610}
	EndProjectSection
EndProject
Global
	GlobalSection(SolutionConfigurationPlatforms) = preSolution
		Debug|Any CPU = Debug|Any CPU
		Release|Any CPU = Release|Any CPU
	EndGlobalSection
	GlobalSection(ProjectConfigurationPlatforms) = postSolution
		{C875CD59-8828-49ED-8F0A-CE4C9B1B153F}.Debug|Any CPU.ActiveCfg = Debug|Any CPU
		{C875CD59-8828-49ED-8F0A-CE4C9B1B153F}.Debug|Any CPU.Build.0 = Debug|Any CPU
		{C875CD59-8828-49ED-8F0A-CE4C9B1B153F}.Release|Any CPU.ActiveCfg = Release|Any CPU
		{C875CD59-8828-49ED-8F0A-CE4C9B1B153F}.Release|Any CPU.Build.0 = Release|Any CPU
		{5C96E10F-4A8D-4072-AEFB-A8E258A98397}.Debug|Any CPU.ActiveCfg = Debug|Any CPU
		{5C96E10F-4A8D-4072-AEFB-A8E258A98397}.Debug|Any CPU.Build.0 = Debug|Any CPU
		{5C96E10F-4A8D-4072-AEFB-A8E258A98397}.Release|Any CPU.ActiveCfg = Release|Any CPU
		{5C96E10F-4A8D-4072-AEFB-A8E258A98397}.Release|Any CPU.Build.0 = Release|Any CPU
		{8A2469A3-B543-4FC4-BA4B-44A5FCBCA610}.Debug|Any CPU.ActiveCfg = Debug|Any CPU
		{8A2469A3-B543-4FC4-BA4B-44A5FCBCA610}.Debug|Any CPU.Build.0 = Debug|Any CPU
		{8A2469A3-B543-4FC4-BA4B-44A5FCBCA610}.Release|Any CPU.ActiveCfg = Release|Any CPU
		{8A2469A3-B543-4FC4-BA4B-44A5FCBCA610}.Release|Any CPU.Build.0 = Release|Any CPU
		{7CB477A3-EAE8-4ABB-8675-29D3CFF80099}.Debug|Any CPU.ActiveCfg = Debug|Any CPU
		{7CB477A3-EAE8-4ABB-8675-29D3CFF80099}.Debug|Any CPU.Build.0 = Debug|Any CPU
		{7CB477A3-EAE8-4ABB-8675-29D3CFF80099}.Release|Any CPU.ActiveCfg = Release|Any CPU
		{7CB477A3-EAE8-4ABB-8675-29D3CFF80099}.Release|Any CPU.Build.0 = Release|Any CPU
		{5989F1D7-DF20-4563-AC37-C31BEC101B38}.Debug|Any CPU.ActiveCfg = Debug|Any CPU
		{5989F1D7-DF20-4563-AC37-C31BEC101B38}.Debug|Any CPU.Build.0 = Debug|Any CPU
		{5989F1D7-DF20-4563-AC37-C31BEC101B38}.Release|Any CPU.ActiveCfg = Release|Any CPU
		{5989F1D7-DF20-4563-AC37-C31BEC101B38}.Release|Any CPU.Build.0 = Release|Any CPU
		{38B19C68-AE37-4E13-8239-CBB861C23AF8}.Debug|Any CPU.ActiveCfg = Debug|Any CPU
		{38B19C68-AE37-4E13-8239-CBB861C23AF8}.Debug|Any CPU.Build.0 = Debug|Any CPU
		{38B19C68-AE37-4E13-8239-CBB861C23AF8}.Release|Any CPU.ActiveCfg = Release|Any CPU
		{38B19C68-AE37-4E13-8239-CBB861C23AF8}.Release|Any CPU.Build.0 = Release|Any CPU
	EndGlobalSection
	GlobalSection(SolutionProperties) = preSolution
		HideSolutionNode = FALSE
	EndGlobalSection
	GlobalSection(NestedProjects) = preSolution
		{C875CD59-8828-49ED-8F0A-CE4C9B1B153F} = {AEC25730-65E7-47EA-84A2-6B21D4EC156C}
		{5C96E10F-4A8D-4072-AEFB-A8E258A98397} = {72F17F22-BEDC-4E2A-81CA-5EE70835D690}
		{8A2469A3-B543-4FC4-BA4B-44A5FCBCA610} = {90A260DD-7205-4C27-99B2-72349BFA5611}
		{7CB477A3-EAE8-4ABB-8675-29D3CFF80099} = {90A260DD-7205-4C27-99B2-72349BFA5611}
		{5989F1D7-DF20-4563-AC37-C31BEC101B38} = {90A260DD-7205-4C27-99B2-72349BFA5611}
		{38B19C68-AE37-4E13-8239-CBB861C23AF8} = {B18E5BAC-8153-4EFB-AE27-B8104C481D77}
	EndGlobalSection
	GlobalSection(ExtensibilityGlobals) = postSolution
		SolutionGuid = {88B41812-0737-4D4C-895E-4A208B56C3B1}
	EndGlobalSection
EndGlobal
